<?xml version="1.0" encoding="utf-8"?>
<Project ToolsVersion="4.0" xmlns="http://schemas.microsoft.com/developer/msbuild/2003">
  <ItemGroup>
    <Filter Include="Source Files">
      <UniqueIdentifier>{4FC737F1-C7A5-4376-A066-2A32D752A2FF}</UniqueIdentifier>
      <Extensions>cpp;c;cc;cxx;def;odl;idl;hpj;bat;asm;asmx</Extensions>
    </Filter>
    <Filter Include="Header Files">
      <UniqueIdentifier>{93995380-89BD-4b04-88EB-625FBE52EBFB}</UniqueIdentifier>
      <Extensions>h;hh;hpp;hxx;hm;inl;inc;xsd</Extensions>
    </Filter>
    <Filter Include="Resource Files">
      <UniqueIdentifier>{67DA6AB6-F800-4c08-8B7A-83BB121AAD01}</UniqueIdentifier>
      <Extensions>rc;ico;cur;bmp;dlg;rc2;rct;bin;rgs;gif;jpg;jpeg;jpe;resx;tiff;tif;png;wav;mfcribbon-ms</Extensions>
    </Filter>
    <Filter Include="Header Files\GL_Stuff">
      <UniqueIdentifier>{2eeda376-ed8e-4401-b28f-99295641ec64}</UniqueIdentifier>
    </Filter>
    <Filter Include="Source Files\GL_Stuff">
      <UniqueIdentifier>{9ce20145-9783-4db4-b98d-c6bf0c1f0d10}</UniqueIdentifier>
    </Filter>
  </ItemGroup>
  <ItemGroup>
    <CopyFileToFolders Include="kernel.cl">
      <Filter>Source Files</Filter>
    </CopyFileToFolders>
    <CopyFileToFolders Include="default.frag" />
    <CopyFileToFolders Include="default.vert" />
  </ItemGroup>
  <ItemGroup>
    <ClCompile Include="main.cpp">
      <Filter>Source Files</Filter>
    </ClCompile>
    <ClCompile Include="Bitmap.cpp">
      <Filter>Source Files</Filter>
    </ClCompile>
    <ClCompile Include="Vector3.cpp">
      <Filter>Source Files</Filter>
    </ClCompile>
    <ClCompile Include="Color.cpp">
      <Filter>Source Files</Filter>
    </ClCompile>
    <ClCompile Include="ConsoleVariableBase.cpp">
      <Filter>Source Files</Filter>
    </ClCompile>
    <ClCompile Include="Ray.cpp">
      <Filter>Source Files</Filter>
    </ClCompile>
    <ClCompile Include="Stopwatch.cpp">
      <Filter>Source Files</Filter>
    </ClCompile>
    <ClCompile Include="TextureInfo.cpp">
      <Filter>Source Files</Filter>
    </ClCompile>
    <ClCompile Include="TextureType.cpp">
      <Filter>Source Files</Filter>
    </ClCompile>
    <ClCompile Include="Triangle.cpp">
      <Filter>Source Files</Filter>
    </ClCompile>
    <ClCompile Include="ConsoleVariableManager.cpp">
      <Filter>Source Files</Filter>
    </ClCompile>
    <ClCompile Include="$(SolutionDir)vcpkg_installed\vcpkg\blds\glad\x64-windows-rel\src\glad.c">
      <Filter>Source Files</Filter>
    </ClCompile>
    <ClCompile Include="FileHelper.cpp">
      <Filter>Source Files</Filter>
    </ClCompile>
    <ClCompile Include="Vector2.cpp">
      <Filter>Source Files</Filter>
    </ClCompile>
    <ClCompile Include="Matrix4x4.cpp">
      <Filter>Source Files</Filter>
    </ClCompile>
    <ClCompile Include="Material.cpp">
      <Filter>Source Files</Filter>
    </ClCompile>
    <ClCompile Include="Vertex.cpp">
      <Filter>Source Files\GL_Stuff</Filter>
    </ClCompile>
    <ClCompile Include="VBO.cpp">
      <Filter>Source Files\GL_Stuff</Filter>
    </ClCompile>
    <ClCompile Include="VAO.cpp">
      <Filter>Source Files\GL_Stuff</Filter>
    </ClCompile>
    <ClCompile Include="Texture.cpp">
      <Filter>Source Files\GL_Stuff</Filter>
    </ClCompile>
    <ClCompile Include="Text.cpp">
      <Filter>Source Files\GL_Stuff</Filter>
    </ClCompile>
    <ClCompile Include="ShaderProgram.cpp">
      <Filter>Source Files\GL_Stuff</Filter>
    </ClCompile>
    <ClCompile Include="Shader.cpp">
      <Filter>Source Files\GL_Stuff</Filter>
    </ClCompile>
    <ClCompile Include="Font.cpp">
      <Filter>Source Files\GL_Stuff</Filter>
    </ClCompile>
    <ClCompile Include="EBO.cpp">
      <Filter>Source Files\GL_Stuff</Filter>
    </ClCompile>
    <ClCompile Include="Character.cpp">
      <Filter>Source Files\GL_Stuff</Filter>
    </ClCompile>
    <ClCompile Include="Freezable.cpp">
      <Filter>Source Files</Filter>
    </ClCompile>
    <ClCompile Include="Component.cpp">
      <Filter>Source Files\GL_Stuff</Filter>
    </ClCompile>
  </ItemGroup>
  <ItemGroup>
    <ClInclude Include="Ray.h">
      <Filter>Header Files</Filter>
    </ClInclude>
    <ClInclude Include="Stopwatch.h">
      <Filter>Header Files</Filter>
    </ClInclude>
    <ClInclude Include="ConsoleVariableManager.h">
      <Filter>Header Files</Filter>
    </ClInclude>
    <ClInclude Include="Material.h">
      <Filter>Header Files</Filter>
    </ClInclude>
    <ClInclude Include="TextureInfo.h">
      <Filter>Header Files</Filter>
    </ClInclude>
    <ClInclude Include="Triangle.h">
      <Filter>Header Files</Filter>
    </ClInclude>
    <ClInclude Include="Bitmap.h">
      <Filter>Header Files</Filter>
    </ClInclude>
    <ClInclude Include="Vector3.h">
      <Filter>Header Files</Filter>
    </ClInclude>
    <ClInclude Include="Color.h">
      <Filter>Header Files</Filter>
    </ClInclude>
    <ClInclude Include="ToneMap.h">
      <Filter>Header Files</Filter>
    </ClInclude>
    <ClInclude Include="RayTracingMode.h">
      <Filter>Header Files</Filter>
    </ClInclude>
    <ClInclude Include="EnumHelper.h">
      <Filter>Header Files</Filter>
    </ClInclude>
    <ClInclude Include="ConsoleVariable.h">
      <Filter>Header Files</Filter>
    </ClInclude>
    <ClInclude Include="ConsoleVariableBase.h">
      <Filter>Header Files</Filter>
    </ClInclude>
    <ClInclude Include="TextureType.h">
      <Filter>Header Files</Filter>
    </ClInclude>
    <ClInclude Include="FileHelper.h">
      <Filter>Header Files</Filter>
    </ClInclude>
    <ClInclude Include="Vector2.h">
      <Filter>Header Files</Filter>
    </ClInclude>
    <ClInclude Include="Matrix4x4.h">
      <Filter>Header Files</Filter>
    </ClInclude>
    <ClInclude Include="Character.h">
      <Filter>Header Files\GL_Stuff</Filter>
    </ClInclude>
    <ClInclude Include="Vertex.h">
      <Filter>Header Files\GL_Stuff</Filter>
    </ClInclude>
    <ClInclude Include="VBO.h">
      <Filter>Header Files\GL_Stuff</Filter>
    </ClInclude>
    <ClInclude Include="VAO.h">
      <Filter>Header Files\GL_Stuff</Filter>
    </ClInclude>
    <ClInclude Include="Texture.h">
      <Filter>Header Files\GL_Stuff</Filter>
    </ClInclude>
    <ClInclude Include="Text.h">
      <Filter>Header Files\GL_Stuff</Filter>
    </ClInclude>
    <ClInclude Include="ShaderProgram.h">
      <Filter>Header Files\GL_Stuff</Filter>
    </ClInclude>
    <ClInclude Include="ShaderMode.h">
      <Filter>Header Files\GL_Stuff</Filter>
    </ClInclude>
    <ClInclude Include="Shader.h">
      <Filter>Header Files\GL_Stuff</Filter>
    </ClInclude>
    <ClInclude Include="Font.h">
      <Filter>Header Files\GL_Stuff</Filter>
    </ClInclude>
    <ClInclude Include="EBO.h">
      <Filter>Header Files\GL_Stuff</Filter>
    </ClInclude>
    <ClInclude Include="Component.h">
      <Filter>Header Files\GL_Stuff</Filter>
    </ClInclude>
    <ClInclude Include="Freezable.h">
      <Filter>Header Files\GL_Stuff</Filter>
    </ClInclude>
    <ClInclude Include="FlagHelper.h">
      <Filter>Header Files</Filter>
    </ClInclude>
  </ItemGroup>
</Project>